{
    "version": 3,
    "terraform_version": "0.11.10",
    "serial": 7,
    "lineage": "30209294-afed-337a-99a1-b05e74e1e9fb",
    "modules": [
        {
            "path": [
                "root"
            ],
            "outputs": {},
            "resources": {},
            "depends_on": []
        },
        {
            "path": [
                "root",
                "asg"
            ],
            "outputs": {},
            "resources": {
                "aws_autoscaling_attachment.asg_attachment_bar": {
                    "type": "aws_autoscaling_attachment",
                    "depends_on": [
                        "aws_autoscaling_group.asg",
                        "aws_lb_target_group.lb_target"
                    ],
                    "primary": {
                        "id": "rafa-ian-asg-20190129121956062700000001",
                        "attributes": {
                            "alb_target_group_arn": "arn:aws:elasticloadbalancing:eu-west-3:065882805973:targetgroup/rafa-ian-tg/70b08e09810c7c52",
                            "autoscaling_group_name": "rafa-ian-asg",
                            "id": "rafa-ian-asg-20190129121956062700000001"
                        },
                        "meta": {},
                        "tainted": false
                    },
                    "deposed": [],
                    "provider": "module.asg.provider.aws"
                },
                "aws_autoscaling_group.asg": {
                    "type": "aws_autoscaling_group",
                    "depends_on": [
                        "aws_launch_configuration.launch_config",
                        "aws_lb_target_group.lb_target",
                        "aws_subnet.subnet-1",
                        "aws_subnet.subnet-2"
                    ],
                    "primary": {
                        "id": "rafa-ian-asg",
                        "attributes": {
                            "arn": "arn:aws:autoscaling:eu-west-3:065882805973:autoScalingGroup:79d25d1e-5f73-4ca5-9781-aaeb757ffdc5:autoScalingGroupName/rafa-ian-asg",
                            "availability_zones.#": "2",
                            "availability_zones.1083718448": "eu-west-3b",
                            "availability_zones.3650185866": "eu-west-3a",
                            "default_cooldown": "300",
                            "desired_capacity": "2",
                            "enabled_metrics.#": "0",
                            "force_delete": "true",
                            "health_check_grace_period": "300",
                            "health_check_type": "EC2",
                            "id": "rafa-ian-asg",
                            "launch_configuration": "rafa-ian-lc",
                            "launch_template.#": "0",
                            "load_balancers.#": "0",
                            "max_size": "4",
                            "metrics_granularity": "1Minute",
                            "min_size": "2",
                            "mixed_instances_policy.#": "0",
                            "name": "rafa-ian-asg",
                            "placement_group": "",
                            "protect_from_scale_in": "false",
                            "service_linked_role_arn": "arn:aws:iam::065882805973:role/aws-service-role/autoscaling.amazonaws.com/AWSServiceRoleForAutoScaling",
                            "suspended_processes.#": "0",
                            "tag.#": "0",
                            "target_group_arns.#": "1",
                            "target_group_arns.2230805778": "arn:aws:elasticloadbalancing:eu-west-3:065882805973:targetgroup/rafa-ian-tg/70b08e09810c7c52",
                            "termination_policies.#": "0",
                            "vpc_zone_identifier.#": "2",
                            "vpc_zone_identifier.1490054564": "subnet-0921b84f9a2b60d46",
                            "vpc_zone_identifier.423093596": "subnet-04da788cbf9eb32bd",
                            "wait_for_capacity_timeout": "10m"
                        },
                        "meta": {
                            "e2bfb730-ecaa-11e6-8f88-34363bc7c4c0": {
                                "delete": 600000000000
                            }
                        },
                        "tainted": false
                    },
                    "deposed": [],
                    "provider": "module.asg.provider.aws"
                },
                "aws_internet_gateway.ig": {
                    "type": "aws_internet_gateway",
                    "depends_on": [
                        "aws_vpc.vpc"
                    ],
                    "primary": {
                        "id": "igw-0a4cd9c16f223bd00",
                        "attributes": {
                            "id": "igw-0a4cd9c16f223bd00",
                            "owner_id": "065882805973",
                            "tags.%": "1",
                            "tags.Name": "aws-ig-created-with-terraform",
                            "vpc_id": "vpc-0f6d8fc9b0bb97b0c"
                        },
                        "meta": {},
                        "tainted": false
                    },
                    "deposed": [],
                    "provider": "module.asg.provider.aws"
                },
                "aws_launch_configuration.launch_config": {
                    "type": "aws_launch_configuration",
                    "depends_on": [
                        "aws_security_group.sg"
                    ],
                    "primary": {
                        "id": "rafa-ian-lc",
                        "attributes": {
                            "associate_public_ip_address": "true",
                            "ebs_block_device.#": "0",
                            "ebs_optimized": "false",
                            "enable_monitoring": "true",
                            "ephemeral_block_device.#": "0",
                            "iam_instance_profile": "engage-ECR-read",
                            "id": "rafa-ian-lc",
                            "image_id": "ami-0dd7e7ed60da8fb83",
                            "instance_type": "t2.micro",
                            "key_name": "",
                            "name": "rafa-ian-lc",
                            "root_block_device.#": "0",
                            "security_groups.#": "1",
                            "security_groups.3701503851": "sg-012ac133fcb2ca942",
                            "spot_price": "",
                            "user_data": "88d137d65055ea4138b8e80eb65f0f5d0144db47",
                            "vpc_classic_link_id": "",
                            "vpc_classic_link_security_groups.#": "0"
                        },
                        "meta": {},
                        "tainted": false
                    },
                    "deposed": [],
                    "provider": "module.asg.provider.aws"
                },
                "aws_lb.alb": {
                    "type": "aws_lb",
                    "depends_on": [
                        "aws_security_group.sg_alb",
                        "aws_subnet.subnet-1",
                        "aws_subnet.subnet-2"
                    ],
                    "primary": {
                        "id": "arn:aws:elasticloadbalancing:eu-west-3:065882805973:loadbalancer/app/rafa-ian-alb/9b1ab18a3f90d0f6",
                        "attributes": {
                            "access_logs.#": "0",
                            "arn": "arn:aws:elasticloadbalancing:eu-west-3:065882805973:loadbalancer/app/rafa-ian-alb/9b1ab18a3f90d0f6",
                            "arn_suffix": "app/rafa-ian-alb/9b1ab18a3f90d0f6",
                            "dns_name": "rafa-ian-alb-450647927.eu-west-3.elb.amazonaws.com",
                            "enable_deletion_protection": "false",
                            "enable_http2": "true",
                            "id": "arn:aws:elasticloadbalancing:eu-west-3:065882805973:loadbalancer/app/rafa-ian-alb/9b1ab18a3f90d0f6",
                            "idle_timeout": "60",
                            "internal": "false",
                            "ip_address_type": "ipv4",
                            "load_balancer_type": "application",
                            "name": "rafa-ian-alb",
                            "security_groups.#": "1",
                            "security_groups.3180683609": "sg-006dba26ec656597b",
                            "subnet_mapping.#": "0",
                            "subnets.#": "2",
                            "subnets.1490054564": "subnet-0921b84f9a2b60d46",
                            "subnets.423093596": "subnet-04da788cbf9eb32bd",
                            "tags.%": "0",
                            "vpc_id": "vpc-0f6d8fc9b0bb97b0c",
                            "zone_id": "Z3Q77PNBQS71R4"
                        },
                        "meta": {
                            "e2bfb730-ecaa-11e6-8f88-34363bc7c4c0": {
                                "create": 600000000000,
                                "delete": 600000000000,
                                "update": 600000000000
                            }
                        },
                        "tainted": false
                    },
                    "deposed": [],
                    "provider": "module.asg.provider.aws"
                },
                "aws_lb_listener.lb_listener": {
                    "type": "aws_lb_listener",
                    "depends_on": [
                        "aws_lb.alb",
                        "aws_lb_target_group.lb_target"
                    ],
                    "primary": {
                        "id": "arn:aws:elasticloadbalancing:eu-west-3:065882805973:listener/app/rafa-ian-alb/9b1ab18a3f90d0f6/dbf727edf837daa9",
                        "attributes": {
                            "arn": "arn:aws:elasticloadbalancing:eu-west-3:065882805973:listener/app/rafa-ian-alb/9b1ab18a3f90d0f6/dbf727edf837daa9",
                            "default_action.#": "1",
                            "default_action.0.authenticate_cognito.#": "0",
                            "default_action.0.authenticate_oidc.#": "0",
                            "default_action.0.fixed_response.#": "0",
                            "default_action.0.order": "1",
                            "default_action.0.redirect.#": "0",
                            "default_action.0.target_group_arn": "arn:aws:elasticloadbalancing:eu-west-3:065882805973:targetgroup/rafa-ian-tg/70b08e09810c7c52",
                            "default_action.0.type": "forward",
                            "id": "arn:aws:elasticloadbalancing:eu-west-3:065882805973:listener/app/rafa-ian-alb/9b1ab18a3f90d0f6/dbf727edf837daa9",
                            "load_balancer_arn": "arn:aws:elasticloadbalancing:eu-west-3:065882805973:loadbalancer/app/rafa-ian-alb/9b1ab18a3f90d0f6",
                            "port": "80",
                            "protocol": "HTTP",
                            "ssl_policy": ""
                        },
                        "meta": {
                            "e2bfb730-ecaa-11e6-8f88-34363bc7c4c0": {
                                "read": 600000000000
                            }
                        },
                        "tainted": false
                    },
                    "deposed": [],
                    "provider": "module.asg.provider.aws"
                },
                "aws_lb_target_group.lb_target": {
                    "type": "aws_lb_target_group",
                    "depends_on": [
                        "aws_vpc.vpc"
                    ],
                    "primary": {
                        "id": "arn:aws:elasticloadbalancing:eu-west-3:065882805973:targetgroup/rafa-ian-tg/70b08e09810c7c52",
                        "attributes": {
                            "arn": "arn:aws:elasticloadbalancing:eu-west-3:065882805973:targetgroup/rafa-ian-tg/70b08e09810c7c52",
                            "arn_suffix": "targetgroup/rafa-ian-tg/70b08e09810c7c52",
                            "deregistration_delay": "300",
                            "health_check.#": "1",
                            "health_check.0.healthy_threshold": "5",
                            "health_check.0.interval": "30",
                            "health_check.0.matcher": "200",
                            "health_check.0.path": "/",
                            "health_check.0.port": "traffic-port",
                            "health_check.0.protocol": "HTTP",
                            "health_check.0.timeout": "5",
                            "health_check.0.unhealthy_threshold": "2",
                            "id": "arn:aws:elasticloadbalancing:eu-west-3:065882805973:targetgroup/rafa-ian-tg/70b08e09810c7c52",
                            "name": "rafa-ian-tg",
                            "port": "80",
                            "protocol": "HTTP",
                            "proxy_protocol_v2": "false",
                            "slow_start": "0",
                            "stickiness.#": "1",
                            "stickiness.0.cookie_duration": "86400",
                            "stickiness.0.enabled": "false",
                            "stickiness.0.type": "lb_cookie",
                            "tags.%": "0",
                            "target_type": "instance",
                            "vpc_id": "vpc-0f6d8fc9b0bb97b0c"
                        },
                        "meta": {},
                        "tainted": false
                    },
                    "deposed": [],
                    "provider": "module.asg.provider.aws"
                },
                "aws_route_table.rt": {
                    "type": "aws_route_table",
                    "depends_on": [
                        "aws_internet_gateway.ig",
                        "aws_vpc.vpc"
                    ],
                    "primary": {
                        "id": "rtb-03c1a475ee66ce2ab",
                        "attributes": {
                            "id": "rtb-03c1a475ee66ce2ab",
                            "owner_id": "065882805973",
                            "propagating_vgws.#": "0",
                            "route.#": "1",
                            "route.439585284.cidr_block": "0.0.0.0/0",
                            "route.439585284.egress_only_gateway_id": "",
                            "route.439585284.gateway_id": "igw-0a4cd9c16f223bd00",
                            "route.439585284.instance_id": "",
                            "route.439585284.ipv6_cidr_block": "",
                            "route.439585284.nat_gateway_id": "",
                            "route.439585284.network_interface_id": "",
                            "route.439585284.transit_gateway_id": "",
                            "route.439585284.vpc_peering_connection_id": "",
                            "tags.%": "0",
                            "vpc_id": "vpc-0f6d8fc9b0bb97b0c"
                        },
                        "meta": {},
                        "tainted": false
                    },
                    "deposed": [],
                    "provider": "module.asg.provider.aws"
                },
                "aws_route_table_association.rta_1": {
                    "type": "aws_route_table_association",
                    "depends_on": [
                        "aws_route_table.rt",
                        "aws_subnet.subnet-1"
                    ],
                    "primary": {
                        "id": "rtbassoc-0858b51dae76b8b98",
                        "attributes": {
                            "id": "rtbassoc-0858b51dae76b8b98",
                            "route_table_id": "rtb-03c1a475ee66ce2ab",
                            "subnet_id": "subnet-0921b84f9a2b60d46"
                        },
                        "meta": {},
                        "tainted": false
                    },
                    "deposed": [],
                    "provider": "module.asg.provider.aws"
                },
                "aws_route_table_association.rta_2": {
                    "type": "aws_route_table_association",
                    "depends_on": [
                        "aws_route_table.rt",
                        "aws_subnet.subnet-2"
                    ],
                    "primary": {
                        "id": "rtbassoc-0fd54d10ee938b058",
                        "attributes": {
                            "id": "rtbassoc-0fd54d10ee938b058",
                            "route_table_id": "rtb-03c1a475ee66ce2ab",
                            "subnet_id": "subnet-04da788cbf9eb32bd"
                        },
                        "meta": {},
                        "tainted": false
                    },
                    "deposed": [],
                    "provider": "module.asg.provider.aws"
                },
                "aws_security_group.sg": {
                    "type": "aws_security_group",
                    "depends_on": [
                        "aws_security_group.sg_alb",
                        "aws_vpc.vpc"
                    ],
                    "primary": {
                        "id": "sg-012ac133fcb2ca942",
                        "attributes": {
                            "arn": "arn:aws:ec2:eu-west-3:065882805973:security-group/sg-012ac133fcb2ca942",
                            "description": "Managed by Terraform",
                            "egress.#": "1",
                            "egress.482069346.cidr_blocks.#": "1",
                            "egress.482069346.cidr_blocks.0": "0.0.0.0/0",
                            "egress.482069346.description": "",
                            "egress.482069346.from_port": "0",
                            "egress.482069346.ipv6_cidr_blocks.#": "0",
                            "egress.482069346.prefix_list_ids.#": "0",
                            "egress.482069346.protocol": "-1",
                            "egress.482069346.security_groups.#": "0",
                            "egress.482069346.self": "false",
                            "egress.482069346.to_port": "0",
                            "id": "sg-012ac133fcb2ca942",
                            "ingress.#": "3",
                            "ingress.3091005310.cidr_blocks.#": "0",
                            "ingress.3091005310.description": "",
                            "ingress.3091005310.from_port": "80",
                            "ingress.3091005310.ipv6_cidr_blocks.#": "0",
                            "ingress.3091005310.prefix_list_ids.#": "0",
                            "ingress.3091005310.protocol": "tcp",
                            "ingress.3091005310.security_groups.#": "1",
                            "ingress.3091005310.security_groups.3180683609": "sg-006dba26ec656597b",
                            "ingress.3091005310.self": "false",
                            "ingress.3091005310.to_port": "80",
                            "ingress.821918781.cidr_blocks.#": "2",
                            "ingress.821918781.cidr_blocks.0": "62.255.97.196/32",
                            "ingress.821918781.cidr_blocks.1": "62.255.97.197/32",
                            "ingress.821918781.description": "",
                            "ingress.821918781.from_port": "22",
                            "ingress.821918781.ipv6_cidr_blocks.#": "0",
                            "ingress.821918781.prefix_list_ids.#": "0",
                            "ingress.821918781.protocol": "tcp",
                            "ingress.821918781.security_groups.#": "0",
                            "ingress.821918781.self": "false",
                            "ingress.821918781.to_port": "22",
                            "ingress.836568716.cidr_blocks.#": "0",
                            "ingress.836568716.description": "",
                            "ingress.836568716.from_port": "443",
                            "ingress.836568716.ipv6_cidr_blocks.#": "0",
                            "ingress.836568716.prefix_list_ids.#": "0",
                            "ingress.836568716.protocol": "tcp",
                            "ingress.836568716.security_groups.#": "1",
                            "ingress.836568716.security_groups.3180683609": "sg-006dba26ec656597b",
                            "ingress.836568716.self": "false",
                            "ingress.836568716.to_port": "443",
                            "name": "SG-created-with-terraform",
                            "owner_id": "065882805973",
                            "revoke_rules_on_delete": "false",
                            "tags.%": "1",
                            "tags.Name": "SG-created-with-terraform",
                            "vpc_id": "vpc-0f6d8fc9b0bb97b0c"
                        },
                        "meta": {
                            "e2bfb730-ecaa-11e6-8f88-34363bc7c4c0": {
                                "create": 600000000000,
                                "delete": 600000000000
                            },
                            "schema_version": "1"
                        },
                        "tainted": false
                    },
                    "deposed": [],
                    "provider": "module.asg.provider.aws"
                },
                "aws_security_group.sg_alb": {
                    "type": "aws_security_group",
                    "depends_on": [
                        "aws_vpc.vpc"
                    ],
                    "primary": {
                        "id": "sg-006dba26ec656597b",
                        "attributes": {
                            "arn": "arn:aws:ec2:eu-west-3:065882805973:security-group/sg-006dba26ec656597b",
                            "description": "Managed by Terraform",
                            "egress.#": "1",
                            "egress.482069346.cidr_blocks.#": "1",
                            "egress.482069346.cidr_blocks.0": "0.0.0.0/0",
                            "egress.482069346.description": "",
                            "egress.482069346.from_port": "0",
                            "egress.482069346.ipv6_cidr_blocks.#": "0",
                            "egress.482069346.prefix_list_ids.#": "0",
                            "egress.482069346.protocol": "-1",
                            "egress.482069346.security_groups.#": "0",
                            "egress.482069346.self": "false",
                            "egress.482069346.to_port": "0",
                            "id": "sg-006dba26ec656597b",
                            "ingress.#": "2",
                            "ingress.2214680975.cidr_blocks.#": "1",
                            "ingress.2214680975.cidr_blocks.0": "0.0.0.0/0",
                            "ingress.2214680975.description": "",
                            "ingress.2214680975.from_port": "80",
                            "ingress.2214680975.ipv6_cidr_blocks.#": "0",
                            "ingress.2214680975.prefix_list_ids.#": "0",
                            "ingress.2214680975.protocol": "tcp",
                            "ingress.2214680975.security_groups.#": "0",
                            "ingress.2214680975.self": "false",
                            "ingress.2214680975.to_port": "80",
                            "ingress.2617001939.cidr_blocks.#": "1",
                            "ingress.2617001939.cidr_blocks.0": "0.0.0.0/0",
                            "ingress.2617001939.description": "",
                            "ingress.2617001939.from_port": "443",
                            "ingress.2617001939.ipv6_cidr_blocks.#": "0",
                            "ingress.2617001939.prefix_list_ids.#": "0",
                            "ingress.2617001939.protocol": "tcp",
                            "ingress.2617001939.security_groups.#": "0",
                            "ingress.2617001939.self": "false",
                            "ingress.2617001939.to_port": "443",
                            "name": "SG-to-theapp-load-balancer-with-terraform",
                            "owner_id": "065882805973",
                            "revoke_rules_on_delete": "false",
                            "tags.%": "1",
                            "tags.Name": "SG-to-theapp-load-balancer-with-terraform",
                            "vpc_id": "vpc-0f6d8fc9b0bb97b0c"
                        },
                        "meta": {
                            "e2bfb730-ecaa-11e6-8f88-34363bc7c4c0": {
                                "create": 600000000000,
                                "delete": 600000000000
                            },
                            "schema_version": "1"
                        },
                        "tainted": false
                    },
                    "deposed": [],
                    "provider": "module.asg.provider.aws"
                },
                "aws_subnet.subnet-1": {
                    "type": "aws_subnet",
                    "depends_on": [
                        "aws_vpc.vpc"
                    ],
                    "primary": {
                        "id": "subnet-0921b84f9a2b60d46",
                        "attributes": {
                            "arn": "arn:aws:ec2:eu-west-3:065882805973:subnet/subnet-0921b84f9a2b60d46",
                            "assign_ipv6_address_on_creation": "false",
                            "availability_zone": "eu-west-3a",
                            "availability_zone_id": "euw3-az1",
                            "cidr_block": "10.0.0.0/24",
                            "id": "subnet-0921b84f9a2b60d46",
                            "ipv6_cidr_block": "",
                            "ipv6_cidr_block_association_id": "",
                            "map_public_ip_on_launch": "false",
                            "owner_id": "065882805973",
                            "tags.%": "1",
                            "tags.Name": "VPN-created-with-terraform",
                            "vpc_id": "vpc-0f6d8fc9b0bb97b0c"
                        },
                        "meta": {
                            "e2bfb730-ecaa-11e6-8f88-34363bc7c4c0": {
                                "create": 600000000000,
                                "delete": 600000000000
                            },
                            "schema_version": "1"
                        },
                        "tainted": false
                    },
                    "deposed": [],
                    "provider": "module.asg.provider.aws"
                },
                "aws_subnet.subnet-2": {
                    "type": "aws_subnet",
                    "depends_on": [
                        "aws_vpc.vpc"
                    ],
                    "primary": {
                        "id": "subnet-04da788cbf9eb32bd",
                        "attributes": {
                            "arn": "arn:aws:ec2:eu-west-3:065882805973:subnet/subnet-04da788cbf9eb32bd",
                            "assign_ipv6_address_on_creation": "false",
                            "availability_zone": "eu-west-3b",
                            "availability_zone_id": "euw3-az2",
                            "cidr_block": "10.0.1.0/24",
                            "id": "subnet-04da788cbf9eb32bd",
                            "ipv6_cidr_block": "",
                            "ipv6_cidr_block_association_id": "",
                            "map_public_ip_on_launch": "false",
                            "owner_id": "065882805973",
                            "tags.%": "1",
                            "tags.Name": "VPN-created-with-terraform",
                            "vpc_id": "vpc-0f6d8fc9b0bb97b0c"
                        },
                        "meta": {
                            "e2bfb730-ecaa-11e6-8f88-34363bc7c4c0": {
                                "create": 600000000000,
                                "delete": 600000000000
                            },
                            "schema_version": "1"
                        },
                        "tainted": false
                    },
                    "deposed": [],
                    "provider": "module.asg.provider.aws"
                },
                "aws_vpc.vpc": {
                    "type": "aws_vpc",
                    "depends_on": [],
                    "primary": {
                        "id": "vpc-0f6d8fc9b0bb97b0c",
                        "attributes": {
                            "arn": "arn:aws:ec2:eu-west-3:065882805973:vpc/vpc-0f6d8fc9b0bb97b0c",
                            "assign_generated_ipv6_cidr_block": "false",
                            "cidr_block": "10.0.0.0/16",
                            "default_network_acl_id": "acl-0b8fcb87cbecf3c30",
                            "default_route_table_id": "rtb-07c030ff9a042fc19",
                            "default_security_group_id": "sg-05d46c36b249b350d",
                            "dhcp_options_id": "dopt-dfa584b6",
                            "enable_dns_hostnames": "true",
                            "enable_dns_support": "true",
                            "id": "vpc-0f6d8fc9b0bb97b0c",
                            "instance_tenancy": "default",
                            "ipv6_association_id": "",
                            "ipv6_cidr_block": "",
                            "main_route_table_id": "rtb-07c030ff9a042fc19",
                            "owner_id": "065882805973",
                            "tags.%": "1",
                            "tags.Name": "VPC-created-with-terraform"
                        },
                        "meta": {
                            "schema_version": "1"
                        },
                        "tainted": false
                    },
                    "deposed": [],
                    "provider": "module.asg.provider.aws"
                }
            },
            "depends_on": []
        }
    ]
}
