{
    "version": 3,
    "terraform_version": "0.11.10",
    "serial": 8,
    "lineage": "834f3e8c-54a7-0bac-0abc-785845eb9844",
    "modules": [
        {
            "path": [
                "root"
            ],
            "outputs": {},
            "resources": {},
            "depends_on": []
        },
        {
            "path": [
                "root",
                "asg"
            ],
            "outputs": {},
            "resources": {
                "aws_autoscaling_attachment.asg_attachment_bar": {
                    "type": "aws_autoscaling_attachment",
                    "depends_on": [
                        "aws_autoscaling_group.asg",
                        "aws_lb_target_group.lb_target"
                    ],
                    "primary": {
                        "id": "rafa-ian-asg-20190129143938577700000001",
                        "attributes": {
                            "alb_target_group_arn": "arn:aws:elasticloadbalancing:eu-west-3:065882805973:targetgroup/rafa-ian-tg/71a1c9050fb33442",
                            "autoscaling_group_name": "rafa-ian-asg",
                            "id": "rafa-ian-asg-20190129143938577700000001"
                        },
                        "meta": {},
                        "tainted": false
                    },
                    "deposed": [],
                    "provider": "module.asg.provider.aws"
                },
                "aws_autoscaling_group.asg": {
                    "type": "aws_autoscaling_group",
                    "depends_on": [
                        "aws_launch_configuration.launch_config",
                        "aws_lb_target_group.lb_target",
                        "aws_subnet.subnet-1",
                        "aws_subnet.subnet-2"
                    ],
                    "primary": {
                        "id": "rafa-ian-asg",
                        "attributes": {
                            "arn": "arn:aws:autoscaling:eu-west-3:065882805973:autoScalingGroup:3325370b-d8a2-404e-8d23-e7e9518f082b:autoScalingGroupName/rafa-ian-asg",
                            "availability_zones.#": "2",
                            "availability_zones.1083718448": "eu-west-3b",
                            "availability_zones.3650185866": "eu-west-3a",
                            "default_cooldown": "300",
                            "desired_capacity": "2",
                            "enabled_metrics.#": "0",
                            "force_delete": "true",
                            "health_check_grace_period": "300",
                            "health_check_type": "EC2",
                            "id": "rafa-ian-asg",
                            "launch_configuration": "rafa-ian-lc",
                            "launch_template.#": "0",
                            "load_balancers.#": "0",
                            "max_size": "4",
                            "metrics_granularity": "1Minute",
                            "min_size": "2",
                            "mixed_instances_policy.#": "0",
                            "name": "rafa-ian-asg",
                            "placement_group": "",
                            "protect_from_scale_in": "false",
                            "service_linked_role_arn": "arn:aws:iam::065882805973:role/aws-service-role/autoscaling.amazonaws.com/AWSServiceRoleForAutoScaling",
                            "suspended_processes.#": "0",
                            "tag.#": "0",
                            "target_group_arns.#": "1",
                            "target_group_arns.4140446921": "arn:aws:elasticloadbalancing:eu-west-3:065882805973:targetgroup/rafa-ian-tg/71a1c9050fb33442",
                            "termination_policies.#": "0",
                            "vpc_zone_identifier.#": "2",
                            "vpc_zone_identifier.2994238252": "subnet-023fd9a6ec79b568c",
                            "vpc_zone_identifier.57498095": "subnet-0b54cb560c50883ac",
                            "wait_for_capacity_timeout": "10m"
                        },
                        "meta": {
                            "e2bfb730-ecaa-11e6-8f88-34363bc7c4c0": {
                                "delete": 600000000000
                            }
                        },
                        "tainted": false
                    },
                    "deposed": [],
                    "provider": "module.asg.provider.aws"
                },
                "aws_internet_gateway.ig": {
                    "type": "aws_internet_gateway",
                    "depends_on": [
                        "aws_vpc.vpc"
                    ],
                    "primary": {
                        "id": "igw-031e68eb9ae4c9cfc",
                        "attributes": {
                            "id": "igw-031e68eb9ae4c9cfc",
                            "owner_id": "065882805973",
                            "tags.%": "1",
                            "tags.Name": "aws-ig-created-with-terraform",
                            "vpc_id": "vpc-0956211579b7d7daa"
                        },
                        "meta": {},
                        "tainted": false
                    },
                    "deposed": [],
                    "provider": "module.asg.provider.aws"
                },
                "aws_launch_configuration.launch_config": {
                    "type": "aws_launch_configuration",
                    "depends_on": [
                        "aws_security_group.sg"
                    ],
                    "primary": {
                        "id": "rafa-ian-lc",
                        "attributes": {
                            "associate_public_ip_address": "true",
                            "ebs_block_device.#": "0",
                            "ebs_optimized": "false",
                            "enable_monitoring": "true",
                            "ephemeral_block_device.#": "0",
                            "iam_instance_profile": "engage-ECR-read",
                            "id": "rafa-ian-lc",
                            "image_id": "ami-0dd7e7ed60da8fb83",
                            "instance_type": "t2.micro",
                            "key_name": "",
                            "name": "rafa-ian-lc",
                            "root_block_device.#": "0",
                            "security_groups.#": "1",
                            "security_groups.2662978687": "sg-0748445c5166e6e61",
                            "spot_price": "",
                            "user_data": "88d137d65055ea4138b8e80eb65f0f5d0144db47",
                            "vpc_classic_link_id": "",
                            "vpc_classic_link_security_groups.#": "0"
                        },
                        "meta": {},
                        "tainted": false
                    },
                    "deposed": [],
                    "provider": "module.asg.provider.aws"
                },
                "aws_lb.alb": {
                    "type": "aws_lb",
                    "depends_on": [
                        "aws_security_group.sg_alb",
                        "aws_subnet.subnet-1",
                        "aws_subnet.subnet-2"
                    ],
                    "primary": {
                        "id": "arn:aws:elasticloadbalancing:eu-west-3:065882805973:loadbalancer/app/rafa-ian-alb/295ae842bcddbe73",
                        "attributes": {
                            "access_logs.#": "0",
                            "arn": "arn:aws:elasticloadbalancing:eu-west-3:065882805973:loadbalancer/app/rafa-ian-alb/295ae842bcddbe73",
                            "arn_suffix": "app/rafa-ian-alb/295ae842bcddbe73",
                            "dns_name": "rafa-ian-alb-1499133618.eu-west-3.elb.amazonaws.com",
                            "enable_deletion_protection": "false",
                            "enable_http2": "true",
                            "id": "arn:aws:elasticloadbalancing:eu-west-3:065882805973:loadbalancer/app/rafa-ian-alb/295ae842bcddbe73",
                            "idle_timeout": "60",
                            "internal": "false",
                            "ip_address_type": "ipv4",
                            "load_balancer_type": "application",
                            "name": "rafa-ian-alb",
                            "security_groups.#": "1",
                            "security_groups.894962041": "sg-0299c89b4b92ff278",
                            "subnet_mapping.#": "0",
                            "subnets.#": "2",
                            "subnets.2994238252": "subnet-023fd9a6ec79b568c",
                            "subnets.57498095": "subnet-0b54cb560c50883ac",
                            "tags.%": "0",
                            "vpc_id": "vpc-0956211579b7d7daa",
                            "zone_id": "Z3Q77PNBQS71R4"
                        },
                        "meta": {
                            "e2bfb730-ecaa-11e6-8f88-34363bc7c4c0": {
                                "create": 600000000000,
                                "delete": 600000000000,
                                "update": 600000000000
                            }
                        },
                        "tainted": false
                    },
                    "deposed": [],
                    "provider": "module.asg.provider.aws"
                },
                "aws_lb_listener.lb_listener": {
                    "type": "aws_lb_listener",
                    "depends_on": [
                        "aws_lb.alb",
                        "aws_lb_target_group.lb_target"
                    ],
                    "primary": {
                        "id": "arn:aws:elasticloadbalancing:eu-west-3:065882805973:listener/app/rafa-ian-alb/295ae842bcddbe73/3e327d49d15ed441",
                        "attributes": {
                            "arn": "arn:aws:elasticloadbalancing:eu-west-3:065882805973:listener/app/rafa-ian-alb/295ae842bcddbe73/3e327d49d15ed441",
                            "default_action.#": "1",
                            "default_action.0.authenticate_cognito.#": "0",
                            "default_action.0.authenticate_oidc.#": "0",
                            "default_action.0.fixed_response.#": "0",
                            "default_action.0.order": "1",
                            "default_action.0.redirect.#": "0",
                            "default_action.0.target_group_arn": "arn:aws:elasticloadbalancing:eu-west-3:065882805973:targetgroup/rafa-ian-tg/71a1c9050fb33442",
                            "default_action.0.type": "forward",
                            "id": "arn:aws:elasticloadbalancing:eu-west-3:065882805973:listener/app/rafa-ian-alb/295ae842bcddbe73/3e327d49d15ed441",
                            "load_balancer_arn": "arn:aws:elasticloadbalancing:eu-west-3:065882805973:loadbalancer/app/rafa-ian-alb/295ae842bcddbe73",
                            "port": "80",
                            "protocol": "HTTP",
                            "ssl_policy": ""
                        },
                        "meta": {
                            "e2bfb730-ecaa-11e6-8f88-34363bc7c4c0": {
                                "read": 600000000000
                            }
                        },
                        "tainted": false
                    },
                    "deposed": [],
                    "provider": "module.asg.provider.aws"
                },
                "aws_lb_target_group.lb_target": {
                    "type": "aws_lb_target_group",
                    "depends_on": [
                        "aws_vpc.vpc"
                    ],
                    "primary": {
                        "id": "arn:aws:elasticloadbalancing:eu-west-3:065882805973:targetgroup/rafa-ian-tg/71a1c9050fb33442",
                        "attributes": {
                            "arn": "arn:aws:elasticloadbalancing:eu-west-3:065882805973:targetgroup/rafa-ian-tg/71a1c9050fb33442",
                            "arn_suffix": "targetgroup/rafa-ian-tg/71a1c9050fb33442",
                            "deregistration_delay": "300",
                            "health_check.#": "1",
                            "health_check.0.healthy_threshold": "3",
                            "health_check.0.interval": "6",
                            "health_check.0.matcher": "200-299",
                            "health_check.0.path": "/",
                            "health_check.0.port": "80",
                            "health_check.0.protocol": "HTTP",
                            "health_check.0.timeout": "5",
                            "health_check.0.unhealthy_threshold": "3",
                            "id": "arn:aws:elasticloadbalancing:eu-west-3:065882805973:targetgroup/rafa-ian-tg/71a1c9050fb33442",
                            "name": "rafa-ian-tg",
                            "port": "80",
                            "protocol": "HTTP",
                            "proxy_protocol_v2": "false",
                            "slow_start": "0",
                            "stickiness.#": "1",
                            "stickiness.0.cookie_duration": "86400",
                            "stickiness.0.enabled": "false",
                            "stickiness.0.type": "lb_cookie",
                            "tags.%": "0",
                            "target_type": "instance",
                            "vpc_id": "vpc-0956211579b7d7daa"
                        },
                        "meta": {},
                        "tainted": false
                    },
                    "deposed": [],
                    "provider": "module.asg.provider.aws"
                },
                "aws_route_table.rt": {
                    "type": "aws_route_table",
                    "depends_on": [
                        "aws_internet_gateway.ig",
                        "aws_vpc.vpc"
                    ],
                    "primary": {
                        "id": "rtb-078c3de68c3adf260",
                        "attributes": {
                            "id": "rtb-078c3de68c3adf260",
                            "owner_id": "065882805973",
                            "propagating_vgws.#": "0",
                            "route.#": "1",
                            "route.962319252.cidr_block": "0.0.0.0/0",
                            "route.962319252.egress_only_gateway_id": "",
                            "route.962319252.gateway_id": "igw-031e68eb9ae4c9cfc",
                            "route.962319252.instance_id": "",
                            "route.962319252.ipv6_cidr_block": "",
                            "route.962319252.nat_gateway_id": "",
                            "route.962319252.network_interface_id": "",
                            "route.962319252.transit_gateway_id": "",
                            "route.962319252.vpc_peering_connection_id": "",
                            "tags.%": "0",
                            "vpc_id": "vpc-0956211579b7d7daa"
                        },
                        "meta": {},
                        "tainted": false
                    },
                    "deposed": [],
                    "provider": "module.asg.provider.aws"
                },
                "aws_route_table_association.rta_1": {
                    "type": "aws_route_table_association",
                    "depends_on": [
                        "aws_route_table.rt",
                        "aws_subnet.subnet-1"
                    ],
                    "primary": {
                        "id": "rtbassoc-0da7f8c4718a18e12",
                        "attributes": {
                            "id": "rtbassoc-0da7f8c4718a18e12",
                            "route_table_id": "rtb-078c3de68c3adf260",
                            "subnet_id": "subnet-023fd9a6ec79b568c"
                        },
                        "meta": {},
                        "tainted": false
                    },
                    "deposed": [],
                    "provider": "module.asg.provider.aws"
                },
                "aws_route_table_association.rta_2": {
                    "type": "aws_route_table_association",
                    "depends_on": [
                        "aws_route_table.rt",
                        "aws_subnet.subnet-2"
                    ],
                    "primary": {
                        "id": "rtbassoc-062f748d7945427c0",
                        "attributes": {
                            "id": "rtbassoc-062f748d7945427c0",
                            "route_table_id": "rtb-078c3de68c3adf260",
                            "subnet_id": "subnet-0b54cb560c50883ac"
                        },
                        "meta": {},
                        "tainted": false
                    },
                    "deposed": [],
                    "provider": "module.asg.provider.aws"
                },
                "aws_security_group.sg": {
                    "type": "aws_security_group",
                    "depends_on": [
                        "aws_security_group.sg_alb",
                        "aws_vpc.vpc"
                    ],
                    "primary": {
                        "id": "sg-0748445c5166e6e61",
                        "attributes": {
                            "arn": "arn:aws:ec2:eu-west-3:065882805973:security-group/sg-0748445c5166e6e61",
                            "description": "Managed by Terraform",
                            "egress.#": "1",
                            "egress.482069346.cidr_blocks.#": "1",
                            "egress.482069346.cidr_blocks.0": "0.0.0.0/0",
                            "egress.482069346.description": "",
                            "egress.482069346.from_port": "0",
                            "egress.482069346.ipv6_cidr_blocks.#": "0",
                            "egress.482069346.prefix_list_ids.#": "0",
                            "egress.482069346.protocol": "-1",
                            "egress.482069346.security_groups.#": "0",
                            "egress.482069346.self": "false",
                            "egress.482069346.to_port": "0",
                            "id": "sg-0748445c5166e6e61",
                            "ingress.#": "3",
                            "ingress.1388461431.cidr_blocks.#": "2",
                            "ingress.1388461431.cidr_blocks.0": "62.255.97.196/32",
                            "ingress.1388461431.cidr_blocks.1": "62.6.58.84/32",
                            "ingress.1388461431.description": "",
                            "ingress.1388461431.from_port": "22",
                            "ingress.1388461431.ipv6_cidr_blocks.#": "0",
                            "ingress.1388461431.prefix_list_ids.#": "0",
                            "ingress.1388461431.protocol": "tcp",
                            "ingress.1388461431.security_groups.#": "0",
                            "ingress.1388461431.self": "false",
                            "ingress.1388461431.to_port": "22",
                            "ingress.171698988.cidr_blocks.#": "0",
                            "ingress.171698988.description": "",
                            "ingress.171698988.from_port": "443",
                            "ingress.171698988.ipv6_cidr_blocks.#": "0",
                            "ingress.171698988.prefix_list_ids.#": "0",
                            "ingress.171698988.protocol": "tcp",
                            "ingress.171698988.security_groups.#": "1",
                            "ingress.171698988.security_groups.894962041": "sg-0299c89b4b92ff278",
                            "ingress.171698988.self": "false",
                            "ingress.171698988.to_port": "443",
                            "ingress.2212106974.cidr_blocks.#": "0",
                            "ingress.2212106974.description": "",
                            "ingress.2212106974.from_port": "80",
                            "ingress.2212106974.ipv6_cidr_blocks.#": "0",
                            "ingress.2212106974.prefix_list_ids.#": "0",
                            "ingress.2212106974.protocol": "tcp",
                            "ingress.2212106974.security_groups.#": "1",
                            "ingress.2212106974.security_groups.894962041": "sg-0299c89b4b92ff278",
                            "ingress.2212106974.self": "false",
                            "ingress.2212106974.to_port": "80",
                            "name": "SG-created-with-terraform",
                            "owner_id": "065882805973",
                            "revoke_rules_on_delete": "false",
                            "tags.%": "1",
                            "tags.Name": "SG-created-with-terraform",
                            "vpc_id": "vpc-0956211579b7d7daa"
                        },
                        "meta": {
                            "e2bfb730-ecaa-11e6-8f88-34363bc7c4c0": {
                                "create": 600000000000,
                                "delete": 600000000000
                            },
                            "schema_version": "1"
                        },
                        "tainted": false
                    },
                    "deposed": [],
                    "provider": "module.asg.provider.aws"
                },
                "aws_security_group.sg_alb": {
                    "type": "aws_security_group",
                    "depends_on": [
                        "aws_vpc.vpc"
                    ],
                    "primary": {
                        "id": "sg-0299c89b4b92ff278",
                        "attributes": {
                            "arn": "arn:aws:ec2:eu-west-3:065882805973:security-group/sg-0299c89b4b92ff278",
                            "description": "Managed by Terraform",
                            "egress.#": "1",
                            "egress.482069346.cidr_blocks.#": "1",
                            "egress.482069346.cidr_blocks.0": "0.0.0.0/0",
                            "egress.482069346.description": "",
                            "egress.482069346.from_port": "0",
                            "egress.482069346.ipv6_cidr_blocks.#": "0",
                            "egress.482069346.prefix_list_ids.#": "0",
                            "egress.482069346.protocol": "-1",
                            "egress.482069346.security_groups.#": "0",
                            "egress.482069346.self": "false",
                            "egress.482069346.to_port": "0",
                            "id": "sg-0299c89b4b92ff278",
                            "ingress.#": "2",
                            "ingress.2214680975.cidr_blocks.#": "1",
                            "ingress.2214680975.cidr_blocks.0": "0.0.0.0/0",
                            "ingress.2214680975.description": "",
                            "ingress.2214680975.from_port": "80",
                            "ingress.2214680975.ipv6_cidr_blocks.#": "0",
                            "ingress.2214680975.prefix_list_ids.#": "0",
                            "ingress.2214680975.protocol": "tcp",
                            "ingress.2214680975.security_groups.#": "0",
                            "ingress.2214680975.self": "false",
                            "ingress.2214680975.to_port": "80",
                            "ingress.2617001939.cidr_blocks.#": "1",
                            "ingress.2617001939.cidr_blocks.0": "0.0.0.0/0",
                            "ingress.2617001939.description": "",
                            "ingress.2617001939.from_port": "443",
                            "ingress.2617001939.ipv6_cidr_blocks.#": "0",
                            "ingress.2617001939.prefix_list_ids.#": "0",
                            "ingress.2617001939.protocol": "tcp",
                            "ingress.2617001939.security_groups.#": "0",
                            "ingress.2617001939.self": "false",
                            "ingress.2617001939.to_port": "443",
                            "name": "SG-to-theapp-load-balancer-with-terraform",
                            "owner_id": "065882805973",
                            "revoke_rules_on_delete": "false",
                            "tags.%": "1",
                            "tags.Name": "SG-to-theapp-load-balancer-with-terraform",
                            "vpc_id": "vpc-0956211579b7d7daa"
                        },
                        "meta": {
                            "e2bfb730-ecaa-11e6-8f88-34363bc7c4c0": {
                                "create": 600000000000,
                                "delete": 600000000000
                            },
                            "schema_version": "1"
                        },
                        "tainted": false
                    },
                    "deposed": [],
                    "provider": "module.asg.provider.aws"
                },
                "aws_subnet.subnet-1": {
                    "type": "aws_subnet",
                    "depends_on": [
                        "aws_vpc.vpc"
                    ],
                    "primary": {
                        "id": "subnet-023fd9a6ec79b568c",
                        "attributes": {
                            "arn": "arn:aws:ec2:eu-west-3:065882805973:subnet/subnet-023fd9a6ec79b568c",
                            "assign_ipv6_address_on_creation": "false",
                            "availability_zone": "eu-west-3a",
                            "availability_zone_id": "euw3-az1",
                            "cidr_block": "10.0.0.0/24",
                            "id": "subnet-023fd9a6ec79b568c",
                            "ipv6_cidr_block": "",
                            "ipv6_cidr_block_association_id": "",
                            "map_public_ip_on_launch": "false",
                            "owner_id": "065882805973",
                            "tags.%": "1",
                            "tags.Name": "VPN-created-with-terraform",
                            "vpc_id": "vpc-0956211579b7d7daa"
                        },
                        "meta": {
                            "e2bfb730-ecaa-11e6-8f88-34363bc7c4c0": {
                                "create": 600000000000,
                                "delete": 600000000000
                            },
                            "schema_version": "1"
                        },
                        "tainted": false
                    },
                    "deposed": [],
                    "provider": "module.asg.provider.aws"
                },
                "aws_subnet.subnet-2": {
                    "type": "aws_subnet",
                    "depends_on": [
                        "aws_vpc.vpc"
                    ],
                    "primary": {
                        "id": "subnet-0b54cb560c50883ac",
                        "attributes": {
                            "arn": "arn:aws:ec2:eu-west-3:065882805973:subnet/subnet-0b54cb560c50883ac",
                            "assign_ipv6_address_on_creation": "false",
                            "availability_zone": "eu-west-3b",
                            "availability_zone_id": "euw3-az2",
                            "cidr_block": "10.0.1.0/24",
                            "id": "subnet-0b54cb560c50883ac",
                            "ipv6_cidr_block": "",
                            "ipv6_cidr_block_association_id": "",
                            "map_public_ip_on_launch": "false",
                            "owner_id": "065882805973",
                            "tags.%": "1",
                            "tags.Name": "VPN-created-with-terraform",
                            "vpc_id": "vpc-0956211579b7d7daa"
                        },
                        "meta": {
                            "e2bfb730-ecaa-11e6-8f88-34363bc7c4c0": {
                                "create": 600000000000,
                                "delete": 600000000000
                            },
                            "schema_version": "1"
                        },
                        "tainted": false
                    },
                    "deposed": [],
                    "provider": "module.asg.provider.aws"
                },
                "aws_vpc.vpc": {
                    "type": "aws_vpc",
                    "depends_on": [],
                    "primary": {
                        "id": "vpc-0956211579b7d7daa",
                        "attributes": {
                            "arn": "arn:aws:ec2:eu-west-3:065882805973:vpc/vpc-0956211579b7d7daa",
                            "assign_generated_ipv6_cidr_block": "false",
                            "cidr_block": "10.0.0.0/16",
                            "default_network_acl_id": "acl-04669f150c37213a1",
                            "default_route_table_id": "rtb-021ac1802df10ab39",
                            "default_security_group_id": "sg-011973db35383e9b2",
                            "dhcp_options_id": "dopt-dfa584b6",
                            "enable_dns_hostnames": "true",
                            "enable_dns_support": "true",
                            "id": "vpc-0956211579b7d7daa",
                            "instance_tenancy": "default",
                            "ipv6_association_id": "",
                            "ipv6_cidr_block": "",
                            "main_route_table_id": "rtb-021ac1802df10ab39",
                            "owner_id": "065882805973",
                            "tags.%": "1",
                            "tags.Name": "VPC-created-with-terraform"
                        },
                        "meta": {
                            "schema_version": "1"
                        },
                        "tainted": false
                    },
                    "deposed": [],
                    "provider": "module.asg.provider.aws"
                }
            },
            "depends_on": []
        }
    ]
}
