{
    "version": 3,
    "terraform_version": "0.11.10",
    "serial": 2,
    "lineage": "0cab7789-3272-46a1-0c14-df2ed853edd8",
    "modules": [
        {
            "path": [
                "root"
            ],
            "outputs": {},
            "resources": {},
            "depends_on": []
        },
        {
            "path": [
                "root",
                "asg"
            ],
            "outputs": {},
            "resources": {
                "aws_autoscaling_attachment.asg_attachment_bar": {
                    "type": "aws_autoscaling_attachment",
                    "depends_on": [
                        "aws_autoscaling_group.asg",
                        "aws_lb_target_group.lb_target"
                    ],
                    "primary": {
                        "id": "ASG-created-with-terraform-20190118114218899600000001",
                        "attributes": {
                            "alb_target_group_arn": "arn:aws:elasticloadbalancing:eu-west-3:496098006106:targetgroup/target-group-created-w-terraform/ceb3541451532f21",
                            "autoscaling_group_name": "ASG-created-with-terraform",
                            "id": "ASG-created-with-terraform-20190118114218899600000001"
                        },
                        "meta": {},
                        "tainted": false
                    },
                    "deposed": [],
                    "provider": "module.asg.provider.aws"
                },
                "aws_autoscaling_group.asg": {
                    "type": "aws_autoscaling_group",
                    "depends_on": [
                        "aws_launch_configuration.launch_config",
                        "aws_lb_target_group.lb_target",
                        "aws_subnet.subnet-1",
                        "aws_subnet.subnet-2"
                    ],
                    "primary": {
                        "id": "ASG-created-with-terraform",
                        "attributes": {
                            "arn": "arn:aws:autoscaling:eu-west-3:496098006106:autoScalingGroup:83e4b869-6b23-4961-a2e3-516c291b5f9a:autoScalingGroupName/ASG-created-with-terraform",
                            "availability_zones.#": "2",
                            "availability_zones.1083718448": "eu-west-3b",
                            "availability_zones.3650185866": "eu-west-3a",
                            "default_cooldown": "300",
                            "desired_capacity": "2",
                            "enabled_metrics.#": "0",
                            "force_delete": "true",
                            "health_check_grace_period": "300",
                            "health_check_type": "EC2",
                            "id": "ASG-created-with-terraform",
                            "launch_configuration": "launch-configuration-created-with-terraform",
                            "launch_template.#": "0",
                            "load_balancers.#": "0",
                            "max_size": "4",
                            "metrics_granularity": "1Minute",
                            "min_size": "2",
                            "mixed_instances_policy.#": "0",
                            "name": "ASG-created-with-terraform",
                            "placement_group": "",
                            "protect_from_scale_in": "false",
                            "service_linked_role_arn": "arn:aws:iam::496098006106:role/aws-service-role/autoscaling.amazonaws.com/AWSServiceRoleForAutoScaling",
                            "suspended_processes.#": "0",
                            "tag.#": "0",
                            "target_group_arns.#": "1",
                            "target_group_arns.2298016972": "arn:aws:elasticloadbalancing:eu-west-3:496098006106:targetgroup/target-group-created-w-terraform/ceb3541451532f21",
                            "termination_policies.#": "0",
                            "vpc_zone_identifier.#": "2",
                            "vpc_zone_identifier.1183844749": "subnet-04e611fc8ade1e840",
                            "vpc_zone_identifier.2531430604": "subnet-0b326d529d2a61cc1",
                            "wait_for_capacity_timeout": "10m"
                        },
                        "meta": {
                            "e2bfb730-ecaa-11e6-8f88-34363bc7c4c0": {
                                "delete": 600000000000
                            }
                        },
                        "tainted": false
                    },
                    "deposed": [],
                    "provider": "module.asg.provider.aws"
                },
                "aws_internet_gateway.ig": {
                    "type": "aws_internet_gateway",
                    "depends_on": [
                        "aws_vpc.vpc"
                    ],
                    "primary": {
                        "id": "igw-0d4046c9437355f7c",
                        "attributes": {
                            "id": "igw-0d4046c9437355f7c",
                            "owner_id": "496098006106",
                            "tags.%": "1",
                            "tags.Name": "aws-ig-created-with-terraform",
                            "vpc_id": "vpc-00d4f69121ad0778e"
                        },
                        "meta": {},
                        "tainted": false
                    },
                    "deposed": [],
                    "provider": "module.asg.provider.aws"
                },
                "aws_launch_configuration.launch_config": {
                    "type": "aws_launch_configuration",
                    "depends_on": [
                        "aws_security_group.sg"
                    ],
                    "primary": {
                        "id": "launch-configuration-created-with-terraform",
                        "attributes": {
                            "associate_public_ip_address": "true",
                            "ebs_block_device.#": "0",
                            "ebs_optimized": "false",
                            "enable_monitoring": "true",
                            "ephemeral_block_device.#": "0",
                            "iam_instance_profile": "",
                            "id": "launch-configuration-created-with-terraform",
                            "image_id": "ami-0dd7e7ed60da8fb83",
                            "instance_type": "t2.micro",
                            "key_name": "",
                            "name": "launch-configuration-created-with-terraform",
                            "root_block_device.#": "0",
                            "security_groups.#": "1",
                            "security_groups.1977084296": "sg-0d0d538a377a3f7ea",
                            "spot_price": "",
                            "user_data": "2b4253ef1e3f0d9746ca1fde15387c12980d09bd",
                            "vpc_classic_link_id": "",
                            "vpc_classic_link_security_groups.#": "0"
                        },
                        "meta": {},
                        "tainted": false
                    },
                    "deposed": [],
                    "provider": "module.asg.provider.aws"
                },
                "aws_lb.alb": {
                    "type": "aws_lb",
                    "depends_on": [
                        "aws_security_group.sg_alb",
                        "aws_subnet.subnet-1",
                        "aws_subnet.subnet-2"
                    ],
                    "primary": {
                        "id": "arn:aws:elasticloadbalancing:eu-west-3:496098006106:loadbalancer/app/app-load-balancer-w-terraform/53ae976841b227ce",
                        "attributes": {
                            "access_logs.#": "0",
                            "arn": "arn:aws:elasticloadbalancing:eu-west-3:496098006106:loadbalancer/app/app-load-balancer-w-terraform/53ae976841b227ce",
                            "arn_suffix": "app/app-load-balancer-w-terraform/53ae976841b227ce",
                            "dns_name": "app-load-balancer-w-terraform-248384061.eu-west-3.elb.amazonaws.com",
                            "enable_deletion_protection": "false",
                            "enable_http2": "true",
                            "id": "arn:aws:elasticloadbalancing:eu-west-3:496098006106:loadbalancer/app/app-load-balancer-w-terraform/53ae976841b227ce",
                            "idle_timeout": "60",
                            "internal": "false",
                            "ip_address_type": "ipv4",
                            "load_balancer_type": "application",
                            "name": "app-load-balancer-w-terraform",
                            "security_groups.#": "1",
                            "security_groups.2442996683": "sg-02cd5c1172de35942",
                            "subnet_mapping.#": "0",
                            "subnets.#": "2",
                            "subnets.1183844749": "subnet-04e611fc8ade1e840",
                            "subnets.2531430604": "subnet-0b326d529d2a61cc1",
                            "tags.%": "0",
                            "vpc_id": "vpc-00d4f69121ad0778e",
                            "zone_id": "Z3Q77PNBQS71R4"
                        },
                        "meta": {
                            "e2bfb730-ecaa-11e6-8f88-34363bc7c4c0": {
                                "create": 600000000000,
                                "delete": 600000000000,
                                "update": 600000000000
                            }
                        },
                        "tainted": false
                    },
                    "deposed": [],
                    "provider": "module.asg.provider.aws"
                },
                "aws_lb_listener.lb_listener": {
                    "type": "aws_lb_listener",
                    "depends_on": [
                        "aws_lb.alb",
                        "aws_lb_target_group.lb_target"
                    ],
                    "primary": {
                        "id": "arn:aws:elasticloadbalancing:eu-west-3:496098006106:listener/app/app-load-balancer-w-terraform/53ae976841b227ce/f7c2123df99de6ba",
                        "attributes": {
                            "arn": "arn:aws:elasticloadbalancing:eu-west-3:496098006106:listener/app/app-load-balancer-w-terraform/53ae976841b227ce/f7c2123df99de6ba",
                            "default_action.#": "1",
                            "default_action.0.authenticate_cognito.#": "0",
                            "default_action.0.authenticate_oidc.#": "0",
                            "default_action.0.fixed_response.#": "0",
                            "default_action.0.order": "1",
                            "default_action.0.redirect.#": "0",
                            "default_action.0.target_group_arn": "arn:aws:elasticloadbalancing:eu-west-3:496098006106:targetgroup/target-group-created-w-terraform/ceb3541451532f21",
                            "default_action.0.type": "forward",
                            "id": "arn:aws:elasticloadbalancing:eu-west-3:496098006106:listener/app/app-load-balancer-w-terraform/53ae976841b227ce/f7c2123df99de6ba",
                            "load_balancer_arn": "arn:aws:elasticloadbalancing:eu-west-3:496098006106:loadbalancer/app/app-load-balancer-w-terraform/53ae976841b227ce",
                            "port": "80",
                            "protocol": "HTTP",
                            "ssl_policy": ""
                        },
                        "meta": {
                            "e2bfb730-ecaa-11e6-8f88-34363bc7c4c0": {
                                "read": 600000000000
                            }
                        },
                        "tainted": false
                    },
                    "deposed": [],
                    "provider": "module.asg.provider.aws"
                },
                "aws_lb_target_group.lb_target": {
                    "type": "aws_lb_target_group",
                    "depends_on": [
                        "aws_vpc.vpc"
                    ],
                    "primary": {
                        "id": "arn:aws:elasticloadbalancing:eu-west-3:496098006106:targetgroup/target-group-created-w-terraform/ceb3541451532f21",
                        "attributes": {
                            "arn": "arn:aws:elasticloadbalancing:eu-west-3:496098006106:targetgroup/target-group-created-w-terraform/ceb3541451532f21",
                            "arn_suffix": "targetgroup/target-group-created-w-terraform/ceb3541451532f21",
                            "deregistration_delay": "300",
                            "health_check.#": "1",
                            "health_check.0.healthy_threshold": "5",
                            "health_check.0.interval": "30",
                            "health_check.0.matcher": "200",
                            "health_check.0.path": "/",
                            "health_check.0.port": "traffic-port",
                            "health_check.0.protocol": "HTTP",
                            "health_check.0.timeout": "5",
                            "health_check.0.unhealthy_threshold": "2",
                            "id": "arn:aws:elasticloadbalancing:eu-west-3:496098006106:targetgroup/target-group-created-w-terraform/ceb3541451532f21",
                            "name": "target-group-created-w-terraform",
                            "port": "80",
                            "protocol": "HTTP",
                            "proxy_protocol_v2": "false",
                            "slow_start": "0",
                            "stickiness.#": "1",
                            "stickiness.0.cookie_duration": "86400",
                            "stickiness.0.enabled": "false",
                            "stickiness.0.type": "lb_cookie",
                            "tags.%": "0",
                            "target_type": "instance",
                            "vpc_id": "vpc-00d4f69121ad0778e"
                        },
                        "meta": {},
                        "tainted": false
                    },
                    "deposed": [],
                    "provider": "module.asg.provider.aws"
                },
                "aws_route_table.rt": {
                    "type": "aws_route_table",
                    "depends_on": [
                        "aws_internet_gateway.ig",
                        "aws_vpc.vpc"
                    ],
                    "primary": {
                        "id": "rtb-0a3b658c8466f2176",
                        "attributes": {
                            "id": "rtb-0a3b658c8466f2176",
                            "owner_id": "496098006106",
                            "propagating_vgws.#": "0",
                            "route.#": "1",
                            "route.1404576378.cidr_block": "0.0.0.0/0",
                            "route.1404576378.egress_only_gateway_id": "",
                            "route.1404576378.gateway_id": "igw-0d4046c9437355f7c",
                            "route.1404576378.instance_id": "",
                            "route.1404576378.ipv6_cidr_block": "",
                            "route.1404576378.nat_gateway_id": "",
                            "route.1404576378.network_interface_id": "",
                            "route.1404576378.transit_gateway_id": "",
                            "route.1404576378.vpc_peering_connection_id": "",
                            "tags.%": "0",
                            "vpc_id": "vpc-00d4f69121ad0778e"
                        },
                        "meta": {},
                        "tainted": false
                    },
                    "deposed": [],
                    "provider": "module.asg.provider.aws"
                },
                "aws_route_table_association.rta": {
                    "type": "aws_route_table_association",
                    "depends_on": [
                        "aws_route_table.rt",
                        "aws_subnet.subnet-1"
                    ],
                    "primary": {
                        "id": "rtbassoc-005b6bbf8375c8543",
                        "attributes": {
                            "id": "rtbassoc-005b6bbf8375c8543",
                            "route_table_id": "rtb-0a3b658c8466f2176",
                            "subnet_id": "subnet-04e611fc8ade1e840"
                        },
                        "meta": {},
                        "tainted": false
                    },
                    "deposed": [],
                    "provider": "module.asg.provider.aws"
                },
                "aws_security_group.sg": {
                    "type": "aws_security_group",
                    "depends_on": [
                        "aws_vpc.vpc"
                    ],
                    "primary": {
                        "id": "sg-0d0d538a377a3f7ea",
                        "attributes": {
                            "arn": "arn:aws:ec2:eu-west-3:496098006106:security-group/sg-0d0d538a377a3f7ea",
                            "description": "Managed by Terraform",
                            "egress.#": "1",
                            "egress.482069346.cidr_blocks.#": "1",
                            "egress.482069346.cidr_blocks.0": "0.0.0.0/0",
                            "egress.482069346.description": "",
                            "egress.482069346.from_port": "0",
                            "egress.482069346.ipv6_cidr_blocks.#": "0",
                            "egress.482069346.prefix_list_ids.#": "0",
                            "egress.482069346.protocol": "-1",
                            "egress.482069346.security_groups.#": "0",
                            "egress.482069346.self": "false",
                            "egress.482069346.to_port": "0",
                            "id": "sg-0d0d538a377a3f7ea",
                            "ingress.#": "3",
                            "ingress.2214680975.cidr_blocks.#": "1",
                            "ingress.2214680975.cidr_blocks.0": "0.0.0.0/0",
                            "ingress.2214680975.description": "",
                            "ingress.2214680975.from_port": "80",
                            "ingress.2214680975.ipv6_cidr_blocks.#": "0",
                            "ingress.2214680975.prefix_list_ids.#": "0",
                            "ingress.2214680975.protocol": "tcp",
                            "ingress.2214680975.security_groups.#": "0",
                            "ingress.2214680975.self": "false",
                            "ingress.2214680975.to_port": "80",
                            "ingress.2541437006.cidr_blocks.#": "1",
                            "ingress.2541437006.cidr_blocks.0": "0.0.0.0/0",
                            "ingress.2541437006.description": "",
                            "ingress.2541437006.from_port": "22",
                            "ingress.2541437006.ipv6_cidr_blocks.#": "0",
                            "ingress.2541437006.prefix_list_ids.#": "0",
                            "ingress.2541437006.protocol": "tcp",
                            "ingress.2541437006.security_groups.#": "0",
                            "ingress.2541437006.self": "false",
                            "ingress.2541437006.to_port": "22",
                            "ingress.2617001939.cidr_blocks.#": "1",
                            "ingress.2617001939.cidr_blocks.0": "0.0.0.0/0",
                            "ingress.2617001939.description": "",
                            "ingress.2617001939.from_port": "443",
                            "ingress.2617001939.ipv6_cidr_blocks.#": "0",
                            "ingress.2617001939.prefix_list_ids.#": "0",
                            "ingress.2617001939.protocol": "tcp",
                            "ingress.2617001939.security_groups.#": "0",
                            "ingress.2617001939.self": "false",
                            "ingress.2617001939.to_port": "443",
                            "name": "SG-created-with-terraform",
                            "owner_id": "496098006106",
                            "revoke_rules_on_delete": "false",
                            "tags.%": "1",
                            "tags.Name": "SG-created-with-terraform",
                            "vpc_id": "vpc-00d4f69121ad0778e"
                        },
                        "meta": {
                            "e2bfb730-ecaa-11e6-8f88-34363bc7c4c0": {
                                "create": 600000000000,
                                "delete": 600000000000
                            },
                            "schema_version": "1"
                        },
                        "tainted": false
                    },
                    "deposed": [],
                    "provider": "module.asg.provider.aws"
                },
                "aws_security_group.sg_alb": {
                    "type": "aws_security_group",
                    "depends_on": [
                        "aws_vpc.vpc"
                    ],
                    "primary": {
                        "id": "sg-02cd5c1172de35942",
                        "attributes": {
                            "arn": "arn:aws:ec2:eu-west-3:496098006106:security-group/sg-02cd5c1172de35942",
                            "description": "Managed by Terraform",
                            "egress.#": "1",
                            "egress.482069346.cidr_blocks.#": "1",
                            "egress.482069346.cidr_blocks.0": "0.0.0.0/0",
                            "egress.482069346.description": "",
                            "egress.482069346.from_port": "0",
                            "egress.482069346.ipv6_cidr_blocks.#": "0",
                            "egress.482069346.prefix_list_ids.#": "0",
                            "egress.482069346.protocol": "-1",
                            "egress.482069346.security_groups.#": "0",
                            "egress.482069346.self": "false",
                            "egress.482069346.to_port": "0",
                            "id": "sg-02cd5c1172de35942",
                            "ingress.#": "2",
                            "ingress.2214680975.cidr_blocks.#": "1",
                            "ingress.2214680975.cidr_blocks.0": "0.0.0.0/0",
                            "ingress.2214680975.description": "",
                            "ingress.2214680975.from_port": "80",
                            "ingress.2214680975.ipv6_cidr_blocks.#": "0",
                            "ingress.2214680975.prefix_list_ids.#": "0",
                            "ingress.2214680975.protocol": "tcp",
                            "ingress.2214680975.security_groups.#": "0",
                            "ingress.2214680975.self": "false",
                            "ingress.2214680975.to_port": "80",
                            "ingress.2617001939.cidr_blocks.#": "1",
                            "ingress.2617001939.cidr_blocks.0": "0.0.0.0/0",
                            "ingress.2617001939.description": "",
                            "ingress.2617001939.from_port": "443",
                            "ingress.2617001939.ipv6_cidr_blocks.#": "0",
                            "ingress.2617001939.prefix_list_ids.#": "0",
                            "ingress.2617001939.protocol": "tcp",
                            "ingress.2617001939.security_groups.#": "0",
                            "ingress.2617001939.self": "false",
                            "ingress.2617001939.to_port": "443",
                            "name": "SG-to-theapp-load-balancer-with-terraform",
                            "owner_id": "496098006106",
                            "revoke_rules_on_delete": "false",
                            "tags.%": "1",
                            "tags.Name": "SG-to-theapp-load-balancer-with-terraform",
                            "vpc_id": "vpc-00d4f69121ad0778e"
                        },
                        "meta": {
                            "e2bfb730-ecaa-11e6-8f88-34363bc7c4c0": {
                                "create": 600000000000,
                                "delete": 600000000000
                            },
                            "schema_version": "1"
                        },
                        "tainted": false
                    },
                    "deposed": [],
                    "provider": "module.asg.provider.aws"
                },
                "aws_subnet.subnet-1": {
                    "type": "aws_subnet",
                    "depends_on": [
                        "aws_vpc.vpc"
                    ],
                    "primary": {
                        "id": "subnet-04e611fc8ade1e840",
                        "attributes": {
                            "arn": "arn:aws:ec2:eu-west-3:496098006106:subnet/subnet-04e611fc8ade1e840",
                            "assign_ipv6_address_on_creation": "false",
                            "availability_zone": "eu-west-3a",
                            "availability_zone_id": "euw3-az1",
                            "cidr_block": "10.0.0.0/24",
                            "id": "subnet-04e611fc8ade1e840",
                            "ipv6_cidr_block": "",
                            "ipv6_cidr_block_association_id": "",
                            "map_public_ip_on_launch": "false",
                            "owner_id": "496098006106",
                            "tags.%": "1",
                            "tags.Name": "VPN-created-with-terraform",
                            "vpc_id": "vpc-00d4f69121ad0778e"
                        },
                        "meta": {
                            "e2bfb730-ecaa-11e6-8f88-34363bc7c4c0": {
                                "create": 600000000000,
                                "delete": 600000000000
                            },
                            "schema_version": "1"
                        },
                        "tainted": false
                    },
                    "deposed": [],
                    "provider": "module.asg.provider.aws"
                },
                "aws_subnet.subnet-2": {
                    "type": "aws_subnet",
                    "depends_on": [
                        "aws_vpc.vpc"
                    ],
                    "primary": {
                        "id": "subnet-0b326d529d2a61cc1",
                        "attributes": {
                            "arn": "arn:aws:ec2:eu-west-3:496098006106:subnet/subnet-0b326d529d2a61cc1",
                            "assign_ipv6_address_on_creation": "false",
                            "availability_zone": "eu-west-3b",
                            "availability_zone_id": "euw3-az2",
                            "cidr_block": "10.0.1.0/24",
                            "id": "subnet-0b326d529d2a61cc1",
                            "ipv6_cidr_block": "",
                            "ipv6_cidr_block_association_id": "",
                            "map_public_ip_on_launch": "false",
                            "owner_id": "496098006106",
                            "tags.%": "1",
                            "tags.Name": "VPN-created-with-terraform",
                            "vpc_id": "vpc-00d4f69121ad0778e"
                        },
                        "meta": {
                            "e2bfb730-ecaa-11e6-8f88-34363bc7c4c0": {
                                "create": 600000000000,
                                "delete": 600000000000
                            },
                            "schema_version": "1"
                        },
                        "tainted": false
                    },
                    "deposed": [],
                    "provider": "module.asg.provider.aws"
                },
                "aws_vpc.vpc": {
                    "type": "aws_vpc",
                    "depends_on": [],
                    "primary": {
                        "id": "vpc-00d4f69121ad0778e",
                        "attributes": {
                            "arn": "arn:aws:ec2:eu-west-3:496098006106:vpc/vpc-00d4f69121ad0778e",
                            "assign_generated_ipv6_cidr_block": "false",
                            "cidr_block": "10.0.0.0/16",
                            "default_network_acl_id": "acl-058df5529f7286eff",
                            "default_route_table_id": "rtb-0a07775ac6e9148d7",
                            "default_security_group_id": "sg-0eff9c1cb3f9d2136",
                            "dhcp_options_id": "dopt-bc778fd5",
                            "enable_dns_hostnames": "true",
                            "enable_dns_support": "true",
                            "id": "vpc-00d4f69121ad0778e",
                            "instance_tenancy": "default",
                            "ipv6_association_id": "",
                            "ipv6_cidr_block": "",
                            "main_route_table_id": "rtb-0a07775ac6e9148d7",
                            "owner_id": "496098006106",
                            "tags.%": "1",
                            "tags.Name": "VPC-created-with-terraform"
                        },
                        "meta": {
                            "schema_version": "1"
                        },
                        "tainted": false
                    },
                    "deposed": [],
                    "provider": "module.asg.provider.aws"
                }
            },
            "depends_on": []
        }
    ]
}
