{
    "version": 3,
    "terraform_version": "0.11.10",
    "serial": 2,
    "lineage": "80b8beff-ec2e-f67d-06dc-3b884fc05b6d",
    "modules": [
        {
            "path": [
                "root"
            ],
            "outputs": {},
            "resources": {},
            "depends_on": []
        },
        {
            "path": [
                "root",
                "terraform-aws-ec2"
            ],
            "outputs": {},
            "resources": {
                "aws_autoscaling_attachment.asg_attachment_bar": {
                    "type": "aws_autoscaling_attachment",
                    "depends_on": [
                        "aws_autoscaling_group.asg",
                        "aws_lb_target_group.lb_target"
                    ],
                    "primary": {
                        "id": "ASG-created-with-terraform-20190110204906355400000001",
                        "attributes": {
                            "alb_target_group_arn": "arn:aws:elasticloadbalancing:eu-west-2:065882805973:targetgroup/target-group-created-w-terraform/1454b8e7f45195ea",
                            "autoscaling_group_name": "ASG-created-with-terraform",
                            "id": "ASG-created-with-terraform-20190110204906355400000001"
                        },
                        "meta": {},
                        "tainted": false
                    },
                    "deposed": [],
                    "provider": "module.terraform-aws-ec2.provider.aws"
                },
                "aws_autoscaling_group.asg": {
                    "type": "aws_autoscaling_group",
                    "depends_on": [
                        "aws_launch_configuration.launch_config",
                        "aws_lb_target_group.lb_target",
                        "aws_subnet.subnet-1",
                        "aws_subnet.subnet-2"
                    ],
                    "primary": {
                        "id": "ASG-created-with-terraform",
                        "attributes": {
                            "arn": "arn:aws:autoscaling:eu-west-2:065882805973:autoScalingGroup:dc7c9d0d-b679-431d-b141-c7224e0a93cc:autoScalingGroupName/ASG-created-with-terraform",
                            "availability_zones.#": "2",
                            "availability_zones.1501760113": "eu-west-2b",
                            "availability_zones.3230292939": "eu-west-2a",
                            "default_cooldown": "300",
                            "desired_capacity": "3",
                            "enabled_metrics.#": "0",
                            "force_delete": "true",
                            "health_check_grace_period": "300",
                            "health_check_type": "EC2",
                            "id": "ASG-created-with-terraform",
                            "launch_configuration": "launch-configuration-created-with-terraform",
                            "launch_template.#": "0",
                            "load_balancers.#": "0",
                            "max_size": "4",
                            "metrics_granularity": "1Minute",
                            "min_size": "2",
                            "mixed_instances_policy.#": "0",
                            "name": "ASG-created-with-terraform",
                            "placement_group": "",
                            "protect_from_scale_in": "false",
                            "service_linked_role_arn": "arn:aws:iam::065882805973:role/aws-service-role/autoscaling.amazonaws.com/AWSServiceRoleForAutoScaling",
                            "suspended_processes.#": "0",
                            "tag.#": "0",
                            "target_group_arns.#": "1",
                            "target_group_arns.1058780041": "arn:aws:elasticloadbalancing:eu-west-2:065882805973:targetgroup/target-group-created-w-terraform/1454b8e7f45195ea",
                            "termination_policies.#": "0",
                            "vpc_zone_identifier.#": "2",
                            "vpc_zone_identifier.1977724601": "subnet-049745e8767ad7460",
                            "vpc_zone_identifier.74818950": "subnet-00ec7b6f1d0a3dc2a",
                            "wait_for_capacity_timeout": "10m"
                        },
                        "meta": {
                            "e2bfb730-ecaa-11e6-8f88-34363bc7c4c0": {
                                "delete": 600000000000
                            }
                        },
                        "tainted": false
                    },
                    "deposed": [],
                    "provider": "module.terraform-aws-ec2.provider.aws"
                },
                "aws_internet_gateway.ig": {
                    "type": "aws_internet_gateway",
                    "depends_on": [
                        "aws_vpc.vpc"
                    ],
                    "primary": {
                        "id": "igw-06f5b614d13ff8f6e",
                        "attributes": {
                            "id": "igw-06f5b614d13ff8f6e",
                            "owner_id": "065882805973",
                            "tags.%": "1",
                            "tags.Name": "aws-ig-created-with-terraform",
                            "vpc_id": "vpc-0daa355ffb8019e01"
                        },
                        "meta": {},
                        "tainted": false
                    },
                    "deposed": [],
                    "provider": "module.terraform-aws-ec2.provider.aws"
                },
                "aws_launch_configuration.launch_config": {
                    "type": "aws_launch_configuration",
                    "depends_on": [
                        "aws_security_group.sg"
                    ],
                    "primary": {
                        "id": "launch-configuration-created-with-terraform",
                        "attributes": {
                            "associate_public_ip_address": "true",
                            "ebs_block_device.#": "0",
                            "ebs_optimized": "false",
                            "enable_monitoring": "true",
                            "ephemeral_block_device.#": "0",
                            "iam_instance_profile": "engage-ECR-read",
                            "id": "launch-configuration-created-with-terraform",
                            "image_id": "ami-01419b804382064e4",
                            "instance_type": "m5.large",
                            "key_name": "engage-key",
                            "name": "launch-configuration-created-with-terraform",
                            "root_block_device.#": "0",
                            "security_groups.#": "1",
                            "security_groups.599373994": "sg-09fa331d66eba4b8d",
                            "spot_price": "",
                            "user_data": "a1e92738e886673988ea2c966715dd1c01f8e379",
                            "vpc_classic_link_id": "",
                            "vpc_classic_link_security_groups.#": "0"
                        },
                        "meta": {},
                        "tainted": false
                    },
                    "deposed": [],
                    "provider": "module.terraform-aws-ec2.provider.aws"
                },
                "aws_lb.alb": {
                    "type": "aws_lb",
                    "depends_on": [
                        "aws_security_group.sg_alb",
                        "aws_subnet.subnet-1",
                        "aws_subnet.subnet-2"
                    ],
                    "primary": {
                        "id": "arn:aws:elasticloadbalancing:eu-west-2:065882805973:loadbalancer/app/load-balancer-asg-engagement-app/e28861e98374ca35",
                        "attributes": {
                            "access_logs.#": "0",
                            "arn": "arn:aws:elasticloadbalancing:eu-west-2:065882805973:loadbalancer/app/load-balancer-asg-engagement-app/e28861e98374ca35",
                            "arn_suffix": "app/load-balancer-asg-engagement-app/e28861e98374ca35",
                            "dns_name": "load-balancer-asg-engagement-app-1906415070.eu-west-2.elb.amazonaws.com",
                            "enable_deletion_protection": "false",
                            "enable_http2": "true",
                            "id": "arn:aws:elasticloadbalancing:eu-west-2:065882805973:loadbalancer/app/load-balancer-asg-engagement-app/e28861e98374ca35",
                            "idle_timeout": "60",
                            "internal": "false",
                            "ip_address_type": "ipv4",
                            "load_balancer_type": "application",
                            "name": "load-balancer-asg-engagement-app",
                            "security_groups.#": "1",
                            "security_groups.4150006227": "sg-045913c6dc49814e0",
                            "subnet_mapping.#": "0",
                            "subnets.#": "2",
                            "subnets.1977724601": "subnet-049745e8767ad7460",
                            "subnets.74818950": "subnet-00ec7b6f1d0a3dc2a",
                            "tags.%": "1",
                            "tags.Environment": "staging",
                            "vpc_id": "vpc-0daa355ffb8019e01",
                            "zone_id": "ZHURV8PSTC4K8"
                        },
                        "meta": {
                            "e2bfb730-ecaa-11e6-8f88-34363bc7c4c0": {
                                "create": 600000000000,
                                "delete": 600000000000,
                                "update": 600000000000
                            }
                        },
                        "tainted": false
                    },
                    "deposed": [],
                    "provider": "module.terraform-aws-ec2.provider.aws"
                },
                "aws_lb_listener.lb_listener": {
                    "type": "aws_lb_listener",
                    "depends_on": [
                        "aws_lb.alb",
                        "aws_lb_target_group.lb_target"
                    ],
                    "primary": {
                        "id": "arn:aws:elasticloadbalancing:eu-west-2:065882805973:listener/app/load-balancer-asg-engagement-app/e28861e98374ca35/48604b49bac10e4f",
                        "attributes": {
                            "arn": "arn:aws:elasticloadbalancing:eu-west-2:065882805973:listener/app/load-balancer-asg-engagement-app/e28861e98374ca35/48604b49bac10e4f",
                            "default_action.#": "1",
                            "default_action.0.authenticate_cognito.#": "0",
                            "default_action.0.authenticate_oidc.#": "0",
                            "default_action.0.fixed_response.#": "0",
                            "default_action.0.order": "1",
                            "default_action.0.redirect.#": "0",
                            "default_action.0.target_group_arn": "arn:aws:elasticloadbalancing:eu-west-2:065882805973:targetgroup/target-group-created-w-terraform/1454b8e7f45195ea",
                            "default_action.0.type": "forward",
                            "id": "arn:aws:elasticloadbalancing:eu-west-2:065882805973:listener/app/load-balancer-asg-engagement-app/e28861e98374ca35/48604b49bac10e4f",
                            "load_balancer_arn": "arn:aws:elasticloadbalancing:eu-west-2:065882805973:loadbalancer/app/load-balancer-asg-engagement-app/e28861e98374ca35",
                            "port": "80",
                            "protocol": "HTTP",
                            "ssl_policy": ""
                        },
                        "meta": {
                            "e2bfb730-ecaa-11e6-8f88-34363bc7c4c0": {
                                "read": 600000000000
                            }
                        },
                        "tainted": false
                    },
                    "deposed": [],
                    "provider": "module.terraform-aws-ec2.provider.aws"
                },
                "aws_lb_target_group.lb_target": {
                    "type": "aws_lb_target_group",
                    "depends_on": [
                        "aws_vpc.vpc"
                    ],
                    "primary": {
                        "id": "arn:aws:elasticloadbalancing:eu-west-2:065882805973:targetgroup/target-group-created-w-terraform/1454b8e7f45195ea",
                        "attributes": {
                            "arn": "arn:aws:elasticloadbalancing:eu-west-2:065882805973:targetgroup/target-group-created-w-terraform/1454b8e7f45195ea",
                            "arn_suffix": "targetgroup/target-group-created-w-terraform/1454b8e7f45195ea",
                            "deregistration_delay": "300",
                            "health_check.#": "1",
                            "health_check.0.healthy_threshold": "5",
                            "health_check.0.interval": "30",
                            "health_check.0.matcher": "200",
                            "health_check.0.path": "/",
                            "health_check.0.port": "traffic-port",
                            "health_check.0.protocol": "HTTP",
                            "health_check.0.timeout": "5",
                            "health_check.0.unhealthy_threshold": "2",
                            "id": "arn:aws:elasticloadbalancing:eu-west-2:065882805973:targetgroup/target-group-created-w-terraform/1454b8e7f45195ea",
                            "name": "target-group-created-w-terraform",
                            "port": "80",
                            "protocol": "HTTP",
                            "proxy_protocol_v2": "false",
                            "slow_start": "0",
                            "stickiness.#": "1",
                            "stickiness.0.cookie_duration": "86400",
                            "stickiness.0.enabled": "false",
                            "stickiness.0.type": "lb_cookie",
                            "tags.%": "0",
                            "target_type": "instance",
                            "vpc_id": "vpc-0daa355ffb8019e01"
                        },
                        "meta": {},
                        "tainted": false
                    },
                    "deposed": [],
                    "provider": "module.terraform-aws-ec2.provider.aws"
                },
                "aws_placement_group.test": {
                    "type": "aws_placement_group",
                    "depends_on": [],
                    "primary": {
                        "id": "placement-group-created-w-terraform",
                        "attributes": {
                            "id": "placement-group-created-w-terraform",
                            "name": "placement-group-created-w-terraform",
                            "strategy": "cluster"
                        },
                        "meta": {},
                        "tainted": false
                    },
                    "deposed": [],
                    "provider": "module.terraform-aws-ec2.provider.aws"
                },
                "aws_route_table.rt": {
                    "type": "aws_route_table",
                    "depends_on": [
                        "aws_internet_gateway.ig",
                        "aws_vpc.vpc"
                    ],
                    "primary": {
                        "id": "rtb-034a1050218b54416",
                        "attributes": {
                            "id": "rtb-034a1050218b54416",
                            "owner_id": "065882805973",
                            "propagating_vgws.#": "0",
                            "route.#": "1",
                            "route.2494992752.cidr_block": "0.0.0.0/0",
                            "route.2494992752.egress_only_gateway_id": "",
                            "route.2494992752.gateway_id": "igw-06f5b614d13ff8f6e",
                            "route.2494992752.instance_id": "",
                            "route.2494992752.ipv6_cidr_block": "",
                            "route.2494992752.nat_gateway_id": "",
                            "route.2494992752.network_interface_id": "",
                            "route.2494992752.transit_gateway_id": "",
                            "route.2494992752.vpc_peering_connection_id": "",
                            "tags.%": "0",
                            "vpc_id": "vpc-0daa355ffb8019e01"
                        },
                        "meta": {},
                        "tainted": false
                    },
                    "deposed": [],
                    "provider": "module.terraform-aws-ec2.provider.aws"
                },
                "aws_route_table_association.rta": {
                    "type": "aws_route_table_association",
                    "depends_on": [
                        "aws_route_table.rt",
                        "aws_subnet.subnet-1"
                    ],
                    "primary": {
                        "id": "rtbassoc-0b1c9b37391e80e14",
                        "attributes": {
                            "id": "rtbassoc-0b1c9b37391e80e14",
                            "route_table_id": "rtb-034a1050218b54416",
                            "subnet_id": "subnet-00ec7b6f1d0a3dc2a"
                        },
                        "meta": {},
                        "tainted": false
                    },
                    "deposed": [],
                    "provider": "module.terraform-aws-ec2.provider.aws"
                },
                "aws_security_group.sg": {
                    "type": "aws_security_group",
                    "depends_on": [
                        "aws_vpc.vpc"
                    ],
                    "primary": {
                        "id": "sg-09fa331d66eba4b8d",
                        "attributes": {
                            "arn": "arn:aws:ec2:eu-west-2:065882805973:security-group/sg-09fa331d66eba4b8d",
                            "description": "Managed by Terraform",
                            "egress.#": "1",
                            "egress.482069346.cidr_blocks.#": "1",
                            "egress.482069346.cidr_blocks.0": "0.0.0.0/0",
                            "egress.482069346.description": "",
                            "egress.482069346.from_port": "0",
                            "egress.482069346.ipv6_cidr_blocks.#": "0",
                            "egress.482069346.prefix_list_ids.#": "0",
                            "egress.482069346.protocol": "-1",
                            "egress.482069346.security_groups.#": "0",
                            "egress.482069346.self": "false",
                            "egress.482069346.to_port": "0",
                            "id": "sg-09fa331d66eba4b8d",
                            "ingress.#": "3",
                            "ingress.2214680975.cidr_blocks.#": "1",
                            "ingress.2214680975.cidr_blocks.0": "0.0.0.0/0",
                            "ingress.2214680975.description": "",
                            "ingress.2214680975.from_port": "80",
                            "ingress.2214680975.ipv6_cidr_blocks.#": "0",
                            "ingress.2214680975.prefix_list_ids.#": "0",
                            "ingress.2214680975.protocol": "tcp",
                            "ingress.2214680975.security_groups.#": "0",
                            "ingress.2214680975.self": "false",
                            "ingress.2214680975.to_port": "80",
                            "ingress.2541437006.cidr_blocks.#": "1",
                            "ingress.2541437006.cidr_blocks.0": "0.0.0.0/0",
                            "ingress.2541437006.description": "",
                            "ingress.2541437006.from_port": "22",
                            "ingress.2541437006.ipv6_cidr_blocks.#": "0",
                            "ingress.2541437006.prefix_list_ids.#": "0",
                            "ingress.2541437006.protocol": "tcp",
                            "ingress.2541437006.security_groups.#": "0",
                            "ingress.2541437006.self": "false",
                            "ingress.2541437006.to_port": "22",
                            "ingress.2617001939.cidr_blocks.#": "1",
                            "ingress.2617001939.cidr_blocks.0": "0.0.0.0/0",
                            "ingress.2617001939.description": "",
                            "ingress.2617001939.from_port": "443",
                            "ingress.2617001939.ipv6_cidr_blocks.#": "0",
                            "ingress.2617001939.prefix_list_ids.#": "0",
                            "ingress.2617001939.protocol": "tcp",
                            "ingress.2617001939.security_groups.#": "0",
                            "ingress.2617001939.self": "false",
                            "ingress.2617001939.to_port": "443",
                            "name": "SG-created-with-terraform",
                            "owner_id": "065882805973",
                            "revoke_rules_on_delete": "false",
                            "tags.%": "1",
                            "tags.Name": "SG-created-with-terraform",
                            "vpc_id": "vpc-0daa355ffb8019e01"
                        },
                        "meta": {
                            "e2bfb730-ecaa-11e6-8f88-34363bc7c4c0": {
                                "create": 600000000000,
                                "delete": 600000000000
                            },
                            "schema_version": "1"
                        },
                        "tainted": false
                    },
                    "deposed": [],
                    "provider": "module.terraform-aws-ec2.provider.aws"
                },
                "aws_security_group.sg_alb": {
                    "type": "aws_security_group",
                    "depends_on": [
                        "aws_vpc.vpc"
                    ],
                    "primary": {
                        "id": "sg-045913c6dc49814e0",
                        "attributes": {
                            "arn": "arn:aws:ec2:eu-west-2:065882805973:security-group/sg-045913c6dc49814e0",
                            "description": "Managed by Terraform",
                            "egress.#": "1",
                            "egress.482069346.cidr_blocks.#": "1",
                            "egress.482069346.cidr_blocks.0": "0.0.0.0/0",
                            "egress.482069346.description": "",
                            "egress.482069346.from_port": "0",
                            "egress.482069346.ipv6_cidr_blocks.#": "0",
                            "egress.482069346.prefix_list_ids.#": "0",
                            "egress.482069346.protocol": "-1",
                            "egress.482069346.security_groups.#": "0",
                            "egress.482069346.self": "false",
                            "egress.482069346.to_port": "0",
                            "id": "sg-045913c6dc49814e0",
                            "ingress.#": "2",
                            "ingress.2214680975.cidr_blocks.#": "1",
                            "ingress.2214680975.cidr_blocks.0": "0.0.0.0/0",
                            "ingress.2214680975.description": "",
                            "ingress.2214680975.from_port": "80",
                            "ingress.2214680975.ipv6_cidr_blocks.#": "0",
                            "ingress.2214680975.prefix_list_ids.#": "0",
                            "ingress.2214680975.protocol": "tcp",
                            "ingress.2214680975.security_groups.#": "0",
                            "ingress.2214680975.self": "false",
                            "ingress.2214680975.to_port": "80",
                            "ingress.2617001939.cidr_blocks.#": "1",
                            "ingress.2617001939.cidr_blocks.0": "0.0.0.0/0",
                            "ingress.2617001939.description": "",
                            "ingress.2617001939.from_port": "443",
                            "ingress.2617001939.ipv6_cidr_blocks.#": "0",
                            "ingress.2617001939.prefix_list_ids.#": "0",
                            "ingress.2617001939.protocol": "tcp",
                            "ingress.2617001939.security_groups.#": "0",
                            "ingress.2617001939.self": "false",
                            "ingress.2617001939.to_port": "443",
                            "name": "SG-to-theapp-load-balancer-with-terraform",
                            "owner_id": "065882805973",
                            "revoke_rules_on_delete": "false",
                            "tags.%": "1",
                            "tags.Name": "SG-to-theapp-load-balancer-with-terraform",
                            "vpc_id": "vpc-0daa355ffb8019e01"
                        },
                        "meta": {
                            "e2bfb730-ecaa-11e6-8f88-34363bc7c4c0": {
                                "create": 600000000000,
                                "delete": 600000000000
                            },
                            "schema_version": "1"
                        },
                        "tainted": false
                    },
                    "deposed": [],
                    "provider": "module.terraform-aws-ec2.provider.aws"
                },
                "aws_subnet.subnet-1": {
                    "type": "aws_subnet",
                    "depends_on": [
                        "aws_vpc.vpc"
                    ],
                    "primary": {
                        "id": "subnet-00ec7b6f1d0a3dc2a",
                        "attributes": {
                            "arn": "arn:aws:ec2:eu-west-2:065882805973:subnet/subnet-00ec7b6f1d0a3dc2a",
                            "assign_ipv6_address_on_creation": "false",
                            "availability_zone": "eu-west-2a",
                            "availability_zone_id": "euw2-az2",
                            "cidr_block": "10.0.0.0/24",
                            "id": "subnet-00ec7b6f1d0a3dc2a",
                            "ipv6_cidr_block": "",
                            "ipv6_cidr_block_association_id": "",
                            "map_public_ip_on_launch": "false",
                            "owner_id": "065882805973",
                            "tags.%": "1",
                            "tags.Name": "VPN-created-with-terraform",
                            "vpc_id": "vpc-0daa355ffb8019e01"
                        },
                        "meta": {
                            "e2bfb730-ecaa-11e6-8f88-34363bc7c4c0": {
                                "create": 600000000000,
                                "delete": 600000000000
                            },
                            "schema_version": "1"
                        },
                        "tainted": false
                    },
                    "deposed": [],
                    "provider": "module.terraform-aws-ec2.provider.aws"
                },
                "aws_subnet.subnet-2": {
                    "type": "aws_subnet",
                    "depends_on": [
                        "aws_vpc.vpc"
                    ],
                    "primary": {
                        "id": "subnet-049745e8767ad7460",
                        "attributes": {
                            "arn": "arn:aws:ec2:eu-west-2:065882805973:subnet/subnet-049745e8767ad7460",
                            "assign_ipv6_address_on_creation": "false",
                            "availability_zone": "eu-west-2b",
                            "availability_zone_id": "euw2-az3",
                            "cidr_block": "10.0.1.0/24",
                            "id": "subnet-049745e8767ad7460",
                            "ipv6_cidr_block": "",
                            "ipv6_cidr_block_association_id": "",
                            "map_public_ip_on_launch": "false",
                            "owner_id": "065882805973",
                            "tags.%": "1",
                            "tags.Name": "VPN-created-with-terraform",
                            "vpc_id": "vpc-0daa355ffb8019e01"
                        },
                        "meta": {
                            "e2bfb730-ecaa-11e6-8f88-34363bc7c4c0": {
                                "create": 600000000000,
                                "delete": 600000000000
                            },
                            "schema_version": "1"
                        },
                        "tainted": false
                    },
                    "deposed": [],
                    "provider": "module.terraform-aws-ec2.provider.aws"
                },
                "aws_vpc.vpc": {
                    "type": "aws_vpc",
                    "depends_on": [],
                    "primary": {
                        "id": "vpc-0daa355ffb8019e01",
                        "attributes": {
                            "arn": "arn:aws:ec2:eu-west-2:065882805973:vpc/vpc-0daa355ffb8019e01",
                            "assign_generated_ipv6_cidr_block": "false",
                            "cidr_block": "10.0.0.0/16",
                            "default_network_acl_id": "acl-098cfcfe34b5484b3",
                            "default_route_table_id": "rtb-06ae04aa45e98aa78",
                            "default_security_group_id": "sg-0dc7509a75b281618",
                            "dhcp_options_id": "dopt-830368eb",
                            "enable_dns_hostnames": "true",
                            "enable_dns_support": "true",
                            "id": "vpc-0daa355ffb8019e01",
                            "instance_tenancy": "default",
                            "ipv6_association_id": "",
                            "ipv6_cidr_block": "",
                            "main_route_table_id": "rtb-06ae04aa45e98aa78",
                            "owner_id": "065882805973",
                            "tags.%": "1",
                            "tags.Name": "VPC-created-with-terraform"
                        },
                        "meta": {
                            "schema_version": "1"
                        },
                        "tainted": false
                    },
                    "deposed": [],
                    "provider": "module.terraform-aws-ec2.provider.aws"
                }
            },
            "depends_on": []
        }
    ]
}
